
Microsoft Visual Studio Solution File, Format Version 12.00
# Visual Studio Version 17
VisualStudioVersion = 17.6.33723.286
MinimumVisualStudioVersion = 10.0.40219.1
Project("{9A19103F-16F7-4668-BE54-9A1E7A4F7556}") = "ChessLibrary", "ChessLibrary\ChessLibrary.csproj", "{3D754C72-803D-435A-B4C4-D184BD4E3AF3}"
EndProject
Project("{9A19103F-16F7-4668-BE54-9A1E7A4F7556}") = "Chess.Tests", "Chess.Tests\Chess.Tests.csproj", "{AEC6836F-70C8-49ED-9909-1479CE314F0D}"
EndProject
Project("{9A19103F-16F7-4668-BE54-9A1E7A4F7556}") = "Chess.Benchmarks", "Chess.Benchmarks\Chess.Benchmarks.csproj", "{7B03970D-21F6-4887-AD4F-CB31B250CCB0}"
EndProject
Project("{9A19103F-16F7-4668-BE54-9A1E7A4F7556}") = "Chess.Perft", "Chess.Perft\Chess.Perft.csproj", "{72BABA8B-13AA-4605-A7C9-C91021E5261E}"
EndProject
Project("{9A19103F-16F7-4668-BE54-9A1E7A4F7556}") = "Chess.WinForms", "Chess.WinForms\Chess.WinForms.csproj", "{A6537E4B-BEDB-40A4-A677-C0C9FB70A9BF}"
EndProject
Project("{9A19103F-16F7-4668-BE54-9A1E7A4F7556}") = "Chess.Engine.Console", "Chess.Engine.Console\Chess.Engine.Console.csproj", "{B4C79B07-B209-4AF9-B4AA-525AAAB3E6D2}"
EndProject
Project("{9A19103F-16F7-4668-BE54-9A1E7A4F7556}") = "Chess.Engine.LichessBot", "Chess.Engine.LichessBot\Chess.Engine.LichessBot.csproj", "{9758E7DB-FCB2-4EB4-A730-13DDE39B34AF}"
EndProject
Global
	GlobalSection(SolutionConfigurationPlatforms) = preSolution
		Debug|Any CPU = Debug|Any CPU
		Release|Any CPU = Release|Any CPU
	EndGlobalSection
	GlobalSection(ProjectConfigurationPlatforms) = postSolution
		{3D754C72-803D-435A-B4C4-D184BD4E3AF3}.Debug|Any CPU.ActiveCfg = Debug|Any CPU
		{3D754C72-803D-435A-B4C4-D184BD4E3AF3}.Debug|Any CPU.Build.0 = Debug|Any CPU
		{3D754C72-803D-435A-B4C4-D184BD4E3AF3}.Release|Any CPU.ActiveCfg = Release|Any CPU
		{3D754C72-803D-435A-B4C4-D184BD4E3AF3}.Release|Any CPU.Build.0 = Release|Any CPU
		{AEC6836F-70C8-49ED-9909-1479CE314F0D}.Debug|Any CPU.ActiveCfg = Debug|Any CPU
		{AEC6836F-70C8-49ED-9909-1479CE314F0D}.Debug|Any CPU.Build.0 = Debug|Any CPU
		{AEC6836F-70C8-49ED-9909-1479CE314F0D}.Release|Any CPU.ActiveCfg = Release|Any CPU
		{AEC6836F-70C8-49ED-9909-1479CE314F0D}.Release|Any CPU.Build.0 = Release|Any CPU
		{7B03970D-21F6-4887-AD4F-CB31B250CCB0}.Debug|Any CPU.ActiveCfg = Debug|Any CPU
		{7B03970D-21F6-4887-AD4F-CB31B250CCB0}.Debug|Any CPU.Build.0 = Debug|Any CPU
		{7B03970D-21F6-4887-AD4F-CB31B250CCB0}.Release|Any CPU.ActiveCfg = Release|Any CPU
		{7B03970D-21F6-4887-AD4F-CB31B250CCB0}.Release|Any CPU.Build.0 = Release|Any CPU
		{72BABA8B-13AA-4605-A7C9-C91021E5261E}.Debug|Any CPU.ActiveCfg = Debug|Any CPU
		{72BABA8B-13AA-4605-A7C9-C91021E5261E}.Debug|Any CPU.Build.0 = Debug|Any CPU
		{72BABA8B-13AA-4605-A7C9-C91021E5261E}.Release|Any CPU.ActiveCfg = Release|Any CPU
		{72BABA8B-13AA-4605-A7C9-C91021E5261E}.Release|Any CPU.Build.0 = Release|Any CPU
		{A6537E4B-BEDB-40A4-A677-C0C9FB70A9BF}.Debug|Any CPU.ActiveCfg = Debug|Any CPU
		{A6537E4B-BEDB-40A4-A677-C0C9FB70A9BF}.Debug|Any CPU.Build.0 = Debug|Any CPU
		{A6537E4B-BEDB-40A4-A677-C0C9FB70A9BF}.Release|Any CPU.ActiveCfg = Release|Any CPU
		{A6537E4B-BEDB-40A4-A677-C0C9FB70A9BF}.Release|Any CPU.Build.0 = Release|Any CPU
		{B4C79B07-B209-4AF9-B4AA-525AAAB3E6D2}.Debug|Any CPU.ActiveCfg = Debug|Any CPU
		{B4C79B07-B209-4AF9-B4AA-525AAAB3E6D2}.Debug|Any CPU.Build.0 = Debug|Any CPU
		{B4C79B07-B209-4AF9-B4AA-525AAAB3E6D2}.Release|Any CPU.ActiveCfg = Release|Any CPU
		{B4C79B07-B209-4AF9-B4AA-525AAAB3E6D2}.Release|Any CPU.Build.0 = Release|Any CPU
		{9758E7DB-FCB2-4EB4-A730-13DDE39B34AF}.Debug|Any CPU.ActiveCfg = Debug|Any CPU
		{9758E7DB-FCB2-4EB4-A730-13DDE39B34AF}.Debug|Any CPU.Build.0 = Debug|Any CPU
		{9758E7DB-FCB2-4EB4-A730-13DDE39B34AF}.Release|Any CPU.ActiveCfg = Release|Any CPU
		{9758E7DB-FCB2-4EB4-A730-13DDE39B34AF}.Release|Any CPU.Build.0 = Release|Any CPU
	EndGlobalSection
	GlobalSection(SolutionProperties) = preSolution
		HideSolutionNode = FALSE
	EndGlobalSection
	GlobalSection(ExtensibilityGlobals) = postSolution
		SolutionGuid = {8B6E1A25-E61F-45CE-A4A9-B9DB845B1499}
	EndGlobalSection
EndGlobal
